PODS:
  - FBSDKCoreKit (5.8.0):
    - FBSDKCoreKit/Basics (= 5.8.0)
    - FBSDKCoreKit/Core (= 5.8.0)
  - FBSDKCoreKit/Basics (5.8.0)
  - FBSDKCoreKit/Core (5.8.0):
    - FBSDKCoreKit/Basics
  - FBSDKLoginKit (5.8.0):
    - FBSDKLoginKit/Login (= 5.8.0)
  - FBSDKLoginKit/Login (5.8.0):
    - FBSDKCoreKit (~> 5.0)
  - Flutter (1.0.0)
  - flutter_facebook_login (0.0.1):
    - FBSDKCoreKit (~> 5.5)
    - FBSDKLoginKit (~> 5.5)
    - Flutter
  - flutter_kakao_login (0.0.8):
    - Flutter
    - KakaoOpenSDK (~> 1.17.2)
  - KakaoOpenSDK (1.17.2):
    - KakaoOpenSDK/KakaoCommon (= 1.17.2)
    - KakaoOpenSDK/KakaoLink (= 1.17.2)
    - KakaoOpenSDK/KakaoMessageTemplate (= 1.17.2)
    - KakaoOpenSDK/KakaoNavi (= 1.17.2)
    - KakaoOpenSDK/KakaoOpenSDK (= 1.17.2)
  - KakaoOpenSDK/KakaoCommon (1.17.2)
  - KakaoOpenSDK/KakaoLink (1.17.2):
    - KakaoOpenSDK/KakaoCommon
  - KakaoOpenSDK/KakaoMessageTemplate (1.17.2)
  - KakaoOpenSDK/KakaoNavi (1.17.2):
    - KakaoOpenSDK/KakaoCommon
  - KakaoOpenSDK/KakaoOpenSDK (1.17.2)

DEPENDENCIES:
  - Flutter (from `.symlinks/flutter/ios`)
  - flutter_facebook_login (from `.symlinks/plugins/flutter_facebook_login/ios`)
  - flutter_kakao_login (from `.symlinks/plugins/flutter_kakao_login/ios`)

SPEC REPOS:
  trunk:
    - FBSDKCoreKit
    - FBSDKLoginKit
    - KakaoOpenSDK

EXTERNAL SOURCES:
  Flutter:
    :path: ".symlinks/flutter/ios"
  flutter_facebook_login:
    :path: ".symlinks/plugins/flutter_facebook_login/ios"
  flutter_kakao_login:
    :path: ".symlinks/plugins/flutter_kakao_login/ios"

SPEC CHECKSUMS:
  FBSDKCoreKit: e7dcac0aabcfb09d0166998edd95fe3b05a0ce5d
  FBSDKLoginKit: 1b0cf04df0370b37404213157b060d6666ede814
  Flutter: 0e3d915762c693b495b44d77113d4970485de6ec
  flutter_facebook_login: cfb5659f686b1c575ef205c6b6fd20db9679d3c4
  flutter_kakao_login: 792d15a6f07557cb703f759ffa85ce0206b1fe84
  KakaoOpenSDK: 1fc43f9025e30a7c1f7c5342bf51744c6c93a500

PODFILE CHECKSUM: 2ef0a40072d836b2e62fb7fcb125a5e514afe953

COCOAPODS: 1.8.4
